
Microsoft Visual Studio Solution File, Format Version 12.00
# Visual Studio Version 16
VisualStudioVersion = 16.0.30413.136
MinimumVisualStudioVersion = 10.0.40219.1
Project("{FAE04EC0-301F-11D3-BF4B-00C04F79EFBC}") = "BakerHouse.Android", "BakerHouse\BakerHouse.Android\BakerHouse.Android.csproj", "{6C0C224D-6237-424F-8326-9D7475FD1896}"
EndProject
Project("{FAE04EC0-301F-11D3-BF4B-00C04F79EFBC}") = "BakerHouse.iOS", "BakerHouse\BakerHouse.iOS\BakerHouse.iOS.csproj", "{6B0F8A0A-BA4F-490F-B9E0-A288D220C036}"
EndProject
Project("{FAE04EC0-301F-11D3-BF4B-00C04F79EFBC}") = "BakerHouse", "BakerHouse\BakerHouse\BakerHouse.csproj", "{27BA046A-6D2F-4BB3-84BF-65840D668C78}"
EndProject
Global
	GlobalSection(SolutionConfigurationPlatforms) = preSolution
		Debug|Any CPU = Debug|Any CPU
		Debug|iPhone = Debug|iPhone
		Debug|iPhoneSimulator = Debug|iPhoneSimulator
		Release|Any CPU = Release|Any CPU
		Release|iPhone = Release|iPhone
		Release|iPhoneSimulator = Release|iPhoneSimulator
	EndGlobalSection
	GlobalSection(ProjectConfigurationPlatforms) = postSolution
		{6C0C224D-6237-424F-8326-9D7475FD1896}.Debug|Any CPU.ActiveCfg = Debug|Any CPU
		{6C0C224D-6237-424F-8326-9D7475FD1896}.Debug|Any CPU.Build.0 = Debug|Any CPU
		{6C0C224D-6237-424F-8326-9D7475FD1896}.Debug|Any CPU.Deploy.0 = Debug|Any CPU
		{6C0C224D-6237-424F-8326-9D7475FD1896}.Debug|iPhone.ActiveCfg = Debug|Any CPU
		{6C0C224D-6237-424F-8326-9D7475FD1896}.Debug|iPhone.Build.0 = Debug|Any CPU
		{6C0C224D-6237-424F-8326-9D7475FD1896}.Debug|iPhone.Deploy.0 = Debug|Any CPU
		{6C0C224D-6237-424F-8326-9D7475FD1896}.Debug|iPhoneSimulator.ActiveCfg = Debug|Any CPU
		{6C0C224D-6237-424F-8326-9D7475FD1896}.Debug|iPhoneSimulator.Build.0 = Debug|Any CPU
		{6C0C224D-6237-424F-8326-9D7475FD1896}.Debug|iPhoneSimulator.Deploy.0 = Debug|Any CPU
		{6C0C224D-6237-424F-8326-9D7475FD1896}.Release|Any CPU.ActiveCfg = Release|Any CPU
		{6C0C224D-6237-424F-8326-9D7475FD1896}.Release|Any CPU.Build.0 = Release|Any CPU
		{6C0C224D-6237-424F-8326-9D7475FD1896}.Release|Any CPU.Deploy.0 = Release|Any CPU
		{6C0C224D-6237-424F-8326-9D7475FD1896}.Release|iPhone.ActiveCfg = Release|Any CPU
		{6C0C224D-6237-424F-8326-9D7475FD1896}.Release|iPhone.Build.0 = Release|Any CPU
		{6C0C224D-6237-424F-8326-9D7475FD1896}.Release|iPhone.Deploy.0 = Release|Any CPU
		{6C0C224D-6237-424F-8326-9D7475FD1896}.Release|iPhoneSimulator.ActiveCfg = Release|Any CPU
		{6C0C224D-6237-424F-8326-9D7475FD1896}.Release|iPhoneSimulator.Build.0 = Release|Any CPU
		{6C0C224D-6237-424F-8326-9D7475FD1896}.Release|iPhoneSimulator.Deploy.0 = Release|Any CPU
		{6B0F8A0A-BA4F-490F-B9E0-A288D220C036}.Debug|Any CPU.ActiveCfg = Debug|iPhone
		{6B0F8A0A-BA4F-490F-B9E0-A288D220C036}.Debug|Any CPU.Build.0 = Debug|iPhone
		{6B0F8A0A-BA4F-490F-B9E0-A288D220C036}.Debug|Any CPU.Deploy.0 = Debug|iPhone
		{6B0F8A0A-BA4F-490F-B9E0-A288D220C036}.Debug|iPhone.ActiveCfg = Debug|iPhone
		{6B0F8A0A-BA4F-490F-B9E0-A288D220C036}.Debug|iPhone.Build.0 = Debug|iPhone
		{6B0F8A0A-BA4F-490F-B9E0-A288D220C036}.Debug|iPhone.Deploy.0 = Debug|iPhone
		{6B0F8A0A-BA4F-490F-B9E0-A288D220C036}.Debug|iPhoneSimulator.ActiveCfg = Debug|iPhoneSimulator
		{6B0F8A0A-BA4F-490F-B9E0-A288D220C036}.Debug|iPhoneSimulator.Build.0 = Debug|iPhoneSimulator
		{6B0F8A0A-BA4F-490F-B9E0-A288D220C036}.Debug|iPhoneSimulator.Deploy.0 = Debug|iPhoneSimulator
		{6B0F8A0A-BA4F-490F-B9E0-A288D220C036}.Release|Any CPU.ActiveCfg = Release|iPhone
		{6B0F8A0A-BA4F-490F-B9E0-A288D220C036}.Release|Any CPU.Build.0 = Release|iPhone
		{6B0F8A0A-BA4F-490F-B9E0-A288D220C036}.Release|Any CPU.Deploy.0 = Release|iPhone
		{6B0F8A0A-BA4F-490F-B9E0-A288D220C036}.Release|iPhone.ActiveCfg = Release|iPhone
		{6B0F8A0A-BA4F-490F-B9E0-A288D220C036}.Release|iPhone.Build.0 = Release|iPhone
		{6B0F8A0A-BA4F-490F-B9E0-A288D220C036}.Release|iPhone.Deploy.0 = Release|iPhone
		{6B0F8A0A-BA4F-490F-B9E0-A288D220C036}.Release|iPhoneSimulator.ActiveCfg = Release|iPhoneSimulator
		{6B0F8A0A-BA4F-490F-B9E0-A288D220C036}.Release|iPhoneSimulator.Build.0 = Release|iPhoneSimulator
		{6B0F8A0A-BA4F-490F-B9E0-A288D220C036}.Release|iPhoneSimulator.Deploy.0 = Release|iPhoneSimulator
		{27BA046A-6D2F-4BB3-84BF-65840D668C78}.Debug|Any CPU.ActiveCfg = Debug|Any CPU
		{27BA046A-6D2F-4BB3-84BF-65840D668C78}.Debug|Any CPU.Build.0 = Debug|Any CPU
		{27BA046A-6D2F-4BB3-84BF-65840D668C78}.Debug|Any CPU.Deploy.0 = Debug|Any CPU
		{27BA046A-6D2F-4BB3-84BF-65840D668C78}.Debug|iPhone.ActiveCfg = Debug|Any CPU
		{27BA046A-6D2F-4BB3-84BF-65840D668C78}.Debug|iPhone.Build.0 = Debug|Any CPU
		{27BA046A-6D2F-4BB3-84BF-65840D668C78}.Debug|iPhone.Deploy.0 = Debug|Any CPU
		{27BA046A-6D2F-4BB3-84BF-65840D668C78}.Debug|iPhoneSimulator.ActiveCfg = Debug|Any CPU
		{27BA046A-6D2F-4BB3-84BF-65840D668C78}.Debug|iPhoneSimulator.Build.0 = Debug|Any CPU
		{27BA046A-6D2F-4BB3-84BF-65840D668C78}.Debug|iPhoneSimulator.Deploy.0 = Debug|Any CPU
		{27BA046A-6D2F-4BB3-84BF-65840D668C78}.Release|Any CPU.ActiveCfg = Release|Any CPU
		{27BA046A-6D2F-4BB3-84BF-65840D668C78}.Release|Any CPU.Build.0 = Release|Any CPU
		{27BA046A-6D2F-4BB3-84BF-65840D668C78}.Release|Any CPU.Deploy.0 = Release|Any CPU
		{27BA046A-6D2F-4BB3-84BF-65840D668C78}.Release|iPhone.ActiveCfg = Release|Any CPU
		{27BA046A-6D2F-4BB3-84BF-65840D668C78}.Release|iPhone.Build.0 = Release|Any CPU
		{27BA046A-6D2F-4BB3-84BF-65840D668C78}.Release|iPhone.Deploy.0 = Release|Any CPU
		{27BA046A-6D2F-4BB3-84BF-65840D668C78}.Release|iPhoneSimulator.ActiveCfg = Release|Any CPU
		{27BA046A-6D2F-4BB3-84BF-65840D668C78}.Release|iPhoneSimulator.Build.0 = Release|Any CPU
		{27BA046A-6D2F-4BB3-84BF-65840D668C78}.Release|iPhoneSimulator.Deploy.0 = Release|Any CPU
	EndGlobalSection
	GlobalSection(SolutionProperties) = preSolution
		HideSolutionNode = FALSE
	EndGlobalSection
	GlobalSection(ExtensibilityGlobals) = postSolution
		SolutionGuid = {36A1CC1E-FD64-4E70-B564-BDC779C851B8}
	EndGlobalSection
EndGlobal
